
Microsoft Visual Studio Solution File, Format Version 12.00
# Visual Studio Version 16
VisualStudioVersion = 16.0.32630.194
MinimumVisualStudioVersion = 10.0.40219.1
Project("{9A19103F-16F7-4668-BE54-9A1E7A4F7556}") = "AWSLambdaKinesisFunction", "AWSLambdaKinesisFunction\AWSLambdaKinesisFunction.csproj", "{830FB9FD-0ECD-4FAD-9131-E7F4882C20FB}"
EndProject
Project("{9A19103F-16F7-4668-BE54-9A1E7A4F7556}") = "AWSLambdaKinesisFunction.Tests", "AWSLambdaKinesisFunction.Tests\AWSLambdaKinesisFunction.Tests.csproj", "{D500BFBF-17C7-43EE-A1A8-2523C2B50FC2}"
EndProject
Global
	GlobalSection(SolutionConfigurationPlatforms) = preSolution
		Debug|Any CPU = Debug|Any CPU
		Release|Any CPU = Release|Any CPU
	EndGlobalSection
	GlobalSection(ProjectConfigurationPlatforms) = postSolution
		{830FB9FD-0ECD-4FAD-9131-E7F4882C20FB}.Debug|Any CPU.ActiveCfg = Debug|Any CPU
		{830FB9FD-0ECD-4FAD-9131-E7F4882C20FB}.Debug|Any CPU.Build.0 = Debug|Any CPU
		{830FB9FD-0ECD-4FAD-9131-E7F4882C20FB}.Release|Any CPU.ActiveCfg = Release|Any CPU
		{830FB9FD-0ECD-4FAD-9131-E7F4882C20FB}.Release|Any CPU.Build.0 = Release|Any CPU
		{D500BFBF-17C7-43EE-A1A8-2523C2B50FC2}.Debug|Any CPU.ActiveCfg = Debug|Any CPU
		{D500BFBF-17C7-43EE-A1A8-2523C2B50FC2}.Debug|Any CPU.Build.0 = Debug|Any CPU
		{D500BFBF-17C7-43EE-A1A8-2523C2B50FC2}.Release|Any CPU.ActiveCfg = Release|Any CPU
		{D500BFBF-17C7-43EE-A1A8-2523C2B50FC2}.Release|Any CPU.Build.0 = Release|Any CPU
	EndGlobalSection
	GlobalSection(SolutionProperties) = preSolution
		HideSolutionNode = FALSE
	EndGlobalSection
	GlobalSection(ExtensibilityGlobals) = postSolution
		SolutionGuid = {8401754D-ABAB-4EC5-B346-1C88014BC2B0}
	EndGlobalSection
EndGlobal
